
Microsoft Visual Studio Solution File, Format Version 12.00
# Visual Studio Version 17
VisualStudioVersion = 17.11.35303.130
MinimumVisualStudioVersion = 10.0.40219.1
Project("{2150E333-8FDC-42A3-9474-1A3956D46DE8}") = "src", "src", "{EC69EF25-3959-454D-B4E3-3351F813C54D}"
EndProject
Project("{2150E333-8FDC-42A3-9474-1A3956D46DE8}") = "services", "services", "{B33AE0A3-632F-492B-BCB8-E932696B9C75}"
EndProject
Project("{2150E333-8FDC-42A3-9474-1A3956D46DE8}") = "IdentityService", "IdentityService", "{1E2A81CF-8575-4528-B809-CD58A22A1455}"
EndProject
Project("{FAE04EC0-301F-11D3-BF4B-00C04F79EFBC}") = "AperturePlus.IdentityService.Api", "src\services\IdentityService\AperturePlus.IdentityService.Api\AperturePlus.IdentityService.Api.csproj", "{C18DBD72-4B8E-4E58-AB65-044821442EAB}"
EndProject
Project("{FAE04EC0-301F-11D3-BF4B-00C04F79EFBC}") = "AperturePlus.IdentityService.Application", "src\services\IdentityService\AperturePlus.IdentityService.Application\AperturePlus.IdentityService.Application.csproj", "{359C34EA-4B20-4CDF-8625-6D573F94F9A4}"
EndProject
Project("{FAE04EC0-301F-11D3-BF4B-00C04F79EFBC}") = "AperturePlus.IdentityService.Domain", "src\services\IdentityService\AperturePlus.IdentityService.Domain\AperturePlus.IdentityService.Domain.csproj", "{89FBDBD6-7AC6-4A51-82DD-44EC219E2312}"
EndProject
Project("{FAE04EC0-301F-11D3-BF4B-00C04F79EFBC}") = "AperturePlus.IdentityService.Infrastructure", "src\services\IdentityService\AperturePlus.IdentityService.Infrastructure\AperturePlus.IdentityService.Infrastructure.csproj", "{06B83A6D-7053-4EB2-9E95-A7D554E81B82}"
EndProject
Project("{2150E333-8FDC-42A3-9474-1A3956D46DE8}") = "ActivityService", "ActivityService", "{02EA681E-C7D8-13C7-8484-4AC65E1B71E8}"
EndProject
Project("{FAE04EC0-301F-11D3-BF4B-00C04F79EFBC}") = "AperturePlus.ActivityService.Api", "src\services\ActivityService\Api\AperturePlus.ActivityService.Api.csproj", "{E71ABABD-9CF6-4606-92E2-5B003627982F}"
EndProject
Project("{FAE04EC0-301F-11D3-BF4B-00C04F79EFBC}") = "AperturePlus.ActivityService.Application", "src\services\ActivityService\Application\AperturePlus.ActivityService.Application.csproj", "{E35DFD67-BC2F-3FF7-B63C-B52E330CCF3E}"
EndProject
Project("{FAE04EC0-301F-11D3-BF4B-00C04F79EFBC}") = "AperturePlus.ActivityService.Domain", "src\services\ActivityService\Domain\AperturePlus.ActivityService.Domain.csproj", "{CD4EC94B-EEE0-6767-197E-EC4AD93CA622}"
EndProject
Project("{FAE04EC0-301F-11D3-BF4B-00C04F79EFBC}") = "AperturePlus.ActivityService.Infrastructure", "src\services\ActivityService\Infrastructure\AperturePlus.ActivityService.Infrastructure.csproj", "{3ED41E85-30EF-2041-9217-9B70C8E42FEE}"
EndProject
Project("{FAE04EC0-301F-11D3-BF4B-00C04F79EFBC}") = "Contracts", "src\services\EventBus\Contracts\Contracts.csproj", "{AB9C04F8-89D0-4706-9768-15A535B2F5CD}"
EndProject
Project("{2150E333-8FDC-42A3-9474-1A3956D46DE8}") = "UserProfileService", "UserProfileService", "{B340597D-944F-4604-A682-2D373638A42E}"
EndProject
Project("{2150E333-8FDC-42A3-9474-1A3956D46DE8}") = "EventBus", "EventBus", "{4C39D1B6-AC58-4EA3-A7F4-78D35416707C}"
EndProject
Project("{FAE04EC0-301F-11D3-BF4B-00C04F79EFBC}") = "AperturePlus.UserProfileService.Api", "src\services\UserProfileService\AperturePlus.UserProfileService.Api\AperturePlus.UserProfileService.Api.csproj", "{724918FA-18BF-4B6C-9A63-76319ABA109C}"
EndProject
Project("{FAE04EC0-301F-11D3-BF4B-00C04F79EFBC}") = "AperturePlus.UserProfileService.Domain", "src\services\UserProfileService\AperturePlus.UserProfileService.Domain\AperturePlus.UserProfileService.Domain.csproj", "{033C6CA0-B7E3-4FBF-88FD-3DDDEFF6FA95}"
EndProject
Project("{FAE04EC0-301F-11D3-BF4B-00C04F79EFBC}") = "AperturePlus.UserProfileService.Application", "src\services\UserProfileService\AperturePlus.UserProfileService.Application\AperturePlus.UserProfileService.Application.csproj", "{B787C54C-C42F-4D25-B0DA-EA51C135D4FF}"
EndProject
Project("{FAE04EC0-301F-11D3-BF4B-00C04F79EFBC}") = "AperturePlus.UserProfileService.Infrastructure", "src\services\UserProfileService\AperturePlus.UserProfileService.Infrastructure\AperturePlus.UserProfileService.Infrastructure.csproj", "{2368A817-1C13-4C55-85EC-F8EDD07AEA93}"
EndProject
Project("{2150E333-8FDC-42A3-9474-1A3956D46DE8}") = "PortfolioService", "PortfolioService", "{EA873DC6-AAD3-4908-8345-BD781E9B0B25}"
EndProject
Project("{FAE04EC0-301F-11D3-BF4B-00C04F79EFBC}") = "AperturePlus.PortfolioService.Api", "src\services\PortfolioService\AperturePlus.PortfolioService.Api\AperturePlus.PortfolioService.Api.csproj", "{76098293-6435-4214-98BF-EF118829674C}"
EndProject
Project("{FAE04EC0-301F-11D3-BF4B-00C04F79EFBC}") = "AperturePlus.PortfolioService.Application", "src\services\PortfolioService\AperturePlus.PortfolioService.Application\AperturePlus.PortfolioService.Application.csproj", "{20A5A2BC-970D-4570-BC76-99B59E125248}"
EndProject
Project("{FAE04EC0-301F-11D3-BF4B-00C04F79EFBC}") = "AperturePlus.PortfolioService.Domain", "src\services\PortfolioService\AperturePlus.PortfolioService.Domain\AperturePlus.PortfolioService.Domain.csproj", "{016EA3B3-4510-4876-98C2-98E31C2AF2A0}"
EndProject
Project("{FAE04EC0-301F-11D3-BF4B-00C04F79EFBC}") = "AperturePlus.PortfolioService.Infrastructure", "src\services\PortfolioService\AperturePlus.PortfolioService.Infrastructure\AperturePlus.PortfolioService.Infrastructure.csproj", "{CD63AFBE-7CA7-4188-AC5F-E2B0F562E819}"
EndProject
Project("{2150E333-8FDC-42A3-9474-1A3956D46DE8}") = "RatingService", "RatingService", "{90C39323-5E62-486C-9343-DFB68B7631DF}"
EndProject
Project("{FAE04EC0-301F-11D3-BF4B-00C04F79EFBC}") = "AperturePlus.RatingService.Api", "src\services\RatingService\AperturePlus.RatingService.Api\AperturePlus.RatingService.Api.csproj", "{06D8A2A2-180D-4574-B07C-A91187CBC7E5}"
EndProject
Project("{FAE04EC0-301F-11D3-BF4B-00C04F79EFBC}") = "AperturePlus.RatingService.Application", "src\services\RatingService\AperturePlus.RatingService.Application\AperturePlus.RatingService.Application.csproj", "{9D345E5E-3EC7-45A3-BFA4-FC1843C53FAD}"
EndProject
Project("{FAE04EC0-301F-11D3-BF4B-00C04F79EFBC}") = "AperturePlus.RatingService.Domain", "src\services\RatingService\AperturePlus.RatingService.Domain\AperturePlus.RatingService.Domain.csproj", "{694ACF1C-36CB-4BF5-A8EB-BD5CF1F20BA5}"
EndProject
Project("{FAE04EC0-301F-11D3-BF4B-00C04F79EFBC}") = "AperturePlus.RatingService.Infrastructure", "AperturePlus.RatingService.Infrastructure\AperturePlus.RatingService.Infrastructure.csproj", "{ABFCB18C-C2D6-4FEB-891E-4A997B8547D7}"
EndProject
Global
	GlobalSection(SolutionConfigurationPlatforms) = preSolution
		Debug|Any CPU = Debug|Any CPU
		Release|Any CPU = Release|Any CPU
	EndGlobalSection
	GlobalSection(ProjectConfigurationPlatforms) = postSolution
		{C18DBD72-4B8E-4E58-AB65-044821442EAB}.Debug|Any CPU.ActiveCfg = Debug|Any CPU
		{C18DBD72-4B8E-4E58-AB65-044821442EAB}.Debug|Any CPU.Build.0 = Debug|Any CPU
		{C18DBD72-4B8E-4E58-AB65-044821442EAB}.Release|Any CPU.ActiveCfg = Release|Any CPU
		{C18DBD72-4B8E-4E58-AB65-044821442EAB}.Release|Any CPU.Build.0 = Release|Any CPU
		{359C34EA-4B20-4CDF-8625-6D573F94F9A4}.Debug|Any CPU.ActiveCfg = Debug|Any CPU
		{359C34EA-4B20-4CDF-8625-6D573F94F9A4}.Debug|Any CPU.Build.0 = Debug|Any CPU
		{359C34EA-4B20-4CDF-8625-6D573F94F9A4}.Release|Any CPU.ActiveCfg = Release|Any CPU
		{359C34EA-4B20-4CDF-8625-6D573F94F9A4}.Release|Any CPU.Build.0 = Release|Any CPU
		{89FBDBD6-7AC6-4A51-82DD-44EC219E2312}.Debug|Any CPU.ActiveCfg = Debug|Any CPU
		{89FBDBD6-7AC6-4A51-82DD-44EC219E2312}.Debug|Any CPU.Build.0 = Debug|Any CPU
		{89FBDBD6-7AC6-4A51-82DD-44EC219E2312}.Release|Any CPU.ActiveCfg = Release|Any CPU
		{89FBDBD6-7AC6-4A51-82DD-44EC219E2312}.Release|Any CPU.Build.0 = Release|Any CPU
		{06B83A6D-7053-4EB2-9E95-A7D554E81B82}.Debug|Any CPU.ActiveCfg = Debug|Any CPU
		{06B83A6D-7053-4EB2-9E95-A7D554E81B82}.Debug|Any CPU.Build.0 = Debug|Any CPU
		{06B83A6D-7053-4EB2-9E95-A7D554E81B82}.Release|Any CPU.ActiveCfg = Release|Any CPU
		{06B83A6D-7053-4EB2-9E95-A7D554E81B82}.Release|Any CPU.Build.0 = Release|Any CPU
		{E71ABABD-9CF6-4606-92E2-5B003627982F}.Debug|Any CPU.ActiveCfg = Debug|Any CPU
		{E71ABABD-9CF6-4606-92E2-5B003627982F}.Debug|Any CPU.Build.0 = Debug|Any CPU
		{E71ABABD-9CF6-4606-92E2-5B003627982F}.Release|Any CPU.ActiveCfg = Release|Any CPU
		{E71ABABD-9CF6-4606-92E2-5B003627982F}.Release|Any CPU.Build.0 = Release|Any CPU
		{E35DFD67-BC2F-3FF7-B63C-B52E330CCF3E}.Debug|Any CPU.ActiveCfg = Debug|Any CPU
		{E35DFD67-BC2F-3FF7-B63C-B52E330CCF3E}.Debug|Any CPU.Build.0 = Debug|Any CPU
		{E35DFD67-BC2F-3FF7-B63C-B52E330CCF3E}.Release|Any CPU.ActiveCfg = Release|Any CPU
		{E35DFD67-BC2F-3FF7-B63C-B52E330CCF3E}.Release|Any CPU.Build.0 = Release|Any CPU
		{CD4EC94B-EEE0-6767-197E-EC4AD93CA622}.Debug|Any CPU.ActiveCfg = Debug|Any CPU
		{CD4EC94B-EEE0-6767-197E-EC4AD93CA622}.Debug|Any CPU.Build.0 = Debug|Any CPU
		{CD4EC94B-EEE0-6767-197E-EC4AD93CA622}.Release|Any CPU.ActiveCfg = Release|Any CPU
		{CD4EC94B-EEE0-6767-197E-EC4AD93CA622}.Release|Any CPU.Build.0 = Release|Any CPU
		{3ED41E85-30EF-2041-9217-9B70C8E42FEE}.Debug|Any CPU.ActiveCfg = Debug|Any CPU
		{3ED41E85-30EF-2041-9217-9B70C8E42FEE}.Debug|Any CPU.Build.0 = Debug|Any CPU
		{3ED41E85-30EF-2041-9217-9B70C8E42FEE}.Release|Any CPU.ActiveCfg = Release|Any CPU
		{3ED41E85-30EF-2041-9217-9B70C8E42FEE}.Release|Any CPU.Build.0 = Release|Any CPU
		{AB9C04F8-89D0-4706-9768-15A535B2F5CD}.Debug|Any CPU.ActiveCfg = Debug|Any CPU
		{AB9C04F8-89D0-4706-9768-15A535B2F5CD}.Debug|Any CPU.Build.0 = Debug|Any CPU
		{AB9C04F8-89D0-4706-9768-15A535B2F5CD}.Release|Any CPU.ActiveCfg = Release|Any CPU
		{AB9C04F8-89D0-4706-9768-15A535B2F5CD}.Release|Any CPU.Build.0 = Release|Any CPU
		{724918FA-18BF-4B6C-9A63-76319ABA109C}.Debug|Any CPU.ActiveCfg = Debug|Any CPU
		{724918FA-18BF-4B6C-9A63-76319ABA109C}.Debug|Any CPU.Build.0 = Debug|Any CPU
		{724918FA-18BF-4B6C-9A63-76319ABA109C}.Release|Any CPU.ActiveCfg = Release|Any CPU
		{724918FA-18BF-4B6C-9A63-76319ABA109C}.Release|Any CPU.Build.0 = Release|Any CPU
		{033C6CA0-B7E3-4FBF-88FD-3DDDEFF6FA95}.Debug|Any CPU.ActiveCfg = Debug|Any CPU
		{033C6CA0-B7E3-4FBF-88FD-3DDDEFF6FA95}.Debug|Any CPU.Build.0 = Debug|Any CPU
		{033C6CA0-B7E3-4FBF-88FD-3DDDEFF6FA95}.Release|Any CPU.ActiveCfg = Release|Any CPU
		{033C6CA0-B7E3-4FBF-88FD-3DDDEFF6FA95}.Release|Any CPU.Build.0 = Release|Any CPU
		{B787C54C-C42F-4D25-B0DA-EA51C135D4FF}.Debug|Any CPU.ActiveCfg = Debug|Any CPU
		{B787C54C-C42F-4D25-B0DA-EA51C135D4FF}.Debug|Any CPU.Build.0 = Debug|Any CPU
		{B787C54C-C42F-4D25-B0DA-EA51C135D4FF}.Release|Any CPU.ActiveCfg = Release|Any CPU
		{B787C54C-C42F-4D25-B0DA-EA51C135D4FF}.Release|Any CPU.Build.0 = Release|Any CPU
		{2368A817-1C13-4C55-85EC-F8EDD07AEA93}.Debug|Any CPU.ActiveCfg = Debug|Any CPU
		{2368A817-1C13-4C55-85EC-F8EDD07AEA93}.Debug|Any CPU.Build.0 = Debug|Any CPU
		{2368A817-1C13-4C55-85EC-F8EDD07AEA93}.Release|Any CPU.ActiveCfg = Release|Any CPU
		{2368A817-1C13-4C55-85EC-F8EDD07AEA93}.Release|Any CPU.Build.0 = Release|Any CPU
		{76098293-6435-4214-98BF-EF118829674C}.Debug|Any CPU.ActiveCfg = Debug|Any CPU
		{76098293-6435-4214-98BF-EF118829674C}.Debug|Any CPU.Build.0 = Debug|Any CPU
		{76098293-6435-4214-98BF-EF118829674C}.Release|Any CPU.ActiveCfg = Release|Any CPU
		{76098293-6435-4214-98BF-EF118829674C}.Release|Any CPU.Build.0 = Release|Any CPU
		{20A5A2BC-970D-4570-BC76-99B59E125248}.Debug|Any CPU.ActiveCfg = Debug|Any CPU
		{20A5A2BC-970D-4570-BC76-99B59E125248}.Debug|Any CPU.Build.0 = Debug|Any CPU
		{20A5A2BC-970D-4570-BC76-99B59E125248}.Release|Any CPU.ActiveCfg = Release|Any CPU
		{20A5A2BC-970D-4570-BC76-99B59E125248}.Release|Any CPU.Build.0 = Release|Any CPU
		{016EA3B3-4510-4876-98C2-98E31C2AF2A0}.Debug|Any CPU.ActiveCfg = Debug|Any CPU
		{016EA3B3-4510-4876-98C2-98E31C2AF2A0}.Debug|Any CPU.Build.0 = Debug|Any CPU
		{016EA3B3-4510-4876-98C2-98E31C2AF2A0}.Release|Any CPU.ActiveCfg = Release|Any CPU
		{016EA3B3-4510-4876-98C2-98E31C2AF2A0}.Release|Any CPU.Build.0 = Release|Any CPU
		{CD63AFBE-7CA7-4188-AC5F-E2B0F562E819}.Debug|Any CPU.ActiveCfg = Debug|Any CPU
		{CD63AFBE-7CA7-4188-AC5F-E2B0F562E819}.Debug|Any CPU.Build.0 = Debug|Any CPU
		{CD63AFBE-7CA7-4188-AC5F-E2B0F562E819}.Release|Any CPU.ActiveCfg = Release|Any CPU
		{CD63AFBE-7CA7-4188-AC5F-E2B0F562E819}.Release|Any CPU.Build.0 = Release|Any CPU
		{06D8A2A2-180D-4574-B07C-A91187CBC7E5}.Debug|Any CPU.ActiveCfg = Debug|Any CPU
		{06D8A2A2-180D-4574-B07C-A91187CBC7E5}.Debug|Any CPU.Build.0 = Debug|Any CPU
		{06D8A2A2-180D-4574-B07C-A91187CBC7E5}.Release|Any CPU.ActiveCfg = Release|Any CPU
		{06D8A2A2-180D-4574-B07C-A91187CBC7E5}.Release|Any CPU.Build.0 = Release|Any CPU
		{9D345E5E-3EC7-45A3-BFA4-FC1843C53FAD}.Debug|Any CPU.ActiveCfg = Debug|Any CPU
		{9D345E5E-3EC7-45A3-BFA4-FC1843C53FAD}.Debug|Any CPU.Build.0 = Debug|Any CPU
		{9D345E5E-3EC7-45A3-BFA4-FC1843C53FAD}.Release|Any CPU.ActiveCfg = Release|Any CPU
		{9D345E5E-3EC7-45A3-BFA4-FC1843C53FAD}.Release|Any CPU.Build.0 = Release|Any CPU
		{694ACF1C-36CB-4BF5-A8EB-BD5CF1F20BA5}.Debug|Any CPU.ActiveCfg = Debug|Any CPU
		{694ACF1C-36CB-4BF5-A8EB-BD5CF1F20BA5}.Debug|Any CPU.Build.0 = Debug|Any CPU
		{694ACF1C-36CB-4BF5-A8EB-BD5CF1F20BA5}.Release|Any CPU.ActiveCfg = Release|Any CPU
		{694ACF1C-36CB-4BF5-A8EB-BD5CF1F20BA5}.Release|Any CPU.Build.0 = Release|Any CPU
		{ABFCB18C-C2D6-4FEB-891E-4A997B8547D7}.Debug|Any CPU.ActiveCfg = Debug|Any CPU
		{ABFCB18C-C2D6-4FEB-891E-4A997B8547D7}.Debug|Any CPU.Build.0 = Debug|Any CPU
		{ABFCB18C-C2D6-4FEB-891E-4A997B8547D7}.Release|Any CPU.ActiveCfg = Release|Any CPU
		{ABFCB18C-C2D6-4FEB-891E-4A997B8547D7}.Release|Any CPU.Build.0 = Release|Any CPU
	EndGlobalSection
	GlobalSection(SolutionProperties) = preSolution
		HideSolutionNode = FALSE
	EndGlobalSection
	GlobalSection(NestedProjects) = preSolution
		{B33AE0A3-632F-492B-BCB8-E932696B9C75} = {EC69EF25-3959-454D-B4E3-3351F813C54D}
		{1E2A81CF-8575-4528-B809-CD58A22A1455} = {B33AE0A3-632F-492B-BCB8-E932696B9C75}
		{C18DBD72-4B8E-4E58-AB65-044821442EAB} = {1E2A81CF-8575-4528-B809-CD58A22A1455}
		{359C34EA-4B20-4CDF-8625-6D573F94F9A4} = {1E2A81CF-8575-4528-B809-CD58A22A1455}
		{89FBDBD6-7AC6-4A51-82DD-44EC219E2312} = {1E2A81CF-8575-4528-B809-CD58A22A1455}
		{06B83A6D-7053-4EB2-9E95-A7D554E81B82} = {1E2A81CF-8575-4528-B809-CD58A22A1455}
		{02EA681E-C7D8-13C7-8484-4AC65E1B71E8} = {B33AE0A3-632F-492B-BCB8-E932696B9C75}
		{E71ABABD-9CF6-4606-92E2-5B003627982F} = {02EA681E-C7D8-13C7-8484-4AC65E1B71E8}
		{E35DFD67-BC2F-3FF7-B63C-B52E330CCF3E} = {02EA681E-C7D8-13C7-8484-4AC65E1B71E8}
		{CD4EC94B-EEE0-6767-197E-EC4AD93CA622} = {02EA681E-C7D8-13C7-8484-4AC65E1B71E8}
		{3ED41E85-30EF-2041-9217-9B70C8E42FEE} = {02EA681E-C7D8-13C7-8484-4AC65E1B71E8}
		{AB9C04F8-89D0-4706-9768-15A535B2F5CD} = {4C39D1B6-AC58-4EA3-A7F4-78D35416707C}
		{B340597D-944F-4604-A682-2D373638A42E} = {B33AE0A3-632F-492B-BCB8-E932696B9C75}
		{4C39D1B6-AC58-4EA3-A7F4-78D35416707C} = {B33AE0A3-632F-492B-BCB8-E932696B9C75}
		{724918FA-18BF-4B6C-9A63-76319ABA109C} = {B340597D-944F-4604-A682-2D373638A42E}
		{033C6CA0-B7E3-4FBF-88FD-3DDDEFF6FA95} = {B340597D-944F-4604-A682-2D373638A42E}
		{B787C54C-C42F-4D25-B0DA-EA51C135D4FF} = {B340597D-944F-4604-A682-2D373638A42E}
		{2368A817-1C13-4C55-85EC-F8EDD07AEA93} = {B340597D-944F-4604-A682-2D373638A42E}
		{EA873DC6-AAD3-4908-8345-BD781E9B0B25} = {B33AE0A3-632F-492B-BCB8-E932696B9C75}
		{76098293-6435-4214-98BF-EF118829674C} = {EA873DC6-AAD3-4908-8345-BD781E9B0B25}
		{20A5A2BC-970D-4570-BC76-99B59E125248} = {EA873DC6-AAD3-4908-8345-BD781E9B0B25}
		{016EA3B3-4510-4876-98C2-98E31C2AF2A0} = {EA873DC6-AAD3-4908-8345-BD781E9B0B25}
		{CD63AFBE-7CA7-4188-AC5F-E2B0F562E819} = {EA873DC6-AAD3-4908-8345-BD781E9B0B25}
		{90C39323-5E62-486C-9343-DFB68B7631DF} = {B33AE0A3-632F-492B-BCB8-E932696B9C75}
		{06D8A2A2-180D-4574-B07C-A91187CBC7E5} = {90C39323-5E62-486C-9343-DFB68B7631DF}
		{9D345E5E-3EC7-45A3-BFA4-FC1843C53FAD} = {90C39323-5E62-486C-9343-DFB68B7631DF}
		{694ACF1C-36CB-4BF5-A8EB-BD5CF1F20BA5} = {90C39323-5E62-486C-9343-DFB68B7631DF}
		{ABFCB18C-C2D6-4FEB-891E-4A997B8547D7} = {90C39323-5E62-486C-9343-DFB68B7631DF}
	EndGlobalSection
	GlobalSection(ExtensibilityGlobals) = postSolution
		SolutionGuid = {B7680315-BDAD-415C-B570-D58AEDF48454}
	EndGlobalSection
EndGlobal
